Microsoft Visual Studio Solution File, Format Version 12.00
# Visual Studio Version 17
VisualStudioVersion = 17.5.2.0
MinimumVisualStudioVersion = 10.0.40219.1
Project("{FAE04EC0-301F-11D3-BF4B-00C04F79EFBC}") = "Homework09", "Homework09.csproj", "{2C6C99AD-48FF-DD97-C237-236862728E55}"
EndProject
Global
	GlobalSection(SolutionConfigurationPlatforms) = preSolution
		Debug|Any CPU = Debug|Any CPU
		Release|Any CPU = Release|Any CPU
	EndGlobalSection
	GlobalSection(ProjectConfigurationPlatforms) = postSolution
		{2C6C99AD-48FF-DD97-C237-236862728E55}.Debug|Any CPU.ActiveCfg = Debug|Any CPU
		{2C6C99AD-48FF-DD97-C237-236862728E55}.Debug|Any CPU.Build.0 = Debug|Any CPU
		{2C6C99AD-48FF-DD97-C237-236862728E55}.Release|Any CPU.ActiveCfg = Release|Any CPU
		{2C6C99AD-48FF-DD97-C237-236862728E55}.Release|Any CPU.Build.0 = Release|Any CPU
	EndGlobalSection
	GlobalSection(SolutionProperties) = preSolution
		HideSolutionNode = FALSE
	EndGlobalSection
	GlobalSection(ExtensibilityGlobals) = postSolution
		SolutionGuid = {6E0A7584-3EC3-4459-857F-144F5C07BDFD}
	EndGlobalSection
EndGlobal
